// !$*UTF8*$!
{
	archiveVersion = 1;
	classes = {
	};
	objectVersion = 77;
	objects = {

/* Begin PBXContainerItemProxy section */
		501A0FAE2EBA7F7600AD6870 /* PBXContainerItemProxy */ = {
			isa = PBXContainerItemProxy;
			containerPortal = 501A0F952EBA7F7100AD6870 /* Project object */;
			proxyType = 1;
			remoteGlobalIDString = 501A0F9C2EBA7F7100AD6870;
			remoteInfo = Football;
		};
		501A0FB82EBA7F7600AD6870 /* PBXContainerItemProxy */ = {
			isa = PBXContainerItemProxy;
			containerPortal = 501A0F952EBA7F7100AD6870 /* Project object */;
			proxyType = 1;
			remoteGlobalIDString = 501A0F9C2EBA7F7100AD6870;
			remoteInfo = Football;
		};
/* End PBXContainerItemProxy section */

/* Begin PBXFileReference section */
		501A0F9D2EBA7F7100AD6870 /* Football.app */ = {isa = PBXFileReference; explicitFileType = wrapper.application; includeInIndex = 0; path = Football.app; sourceTree = BUILT_PRODUCTS_DIR; };
		501A0FAD2EBA7F7600AD6870 /* FootballTests.xctest */ = {isa = PBXFileReference; explicitFileType = wrapper.cfbundle; includeInIndex = 0; path = FootballTests.xctest; sourceTree = BUILT_PRODUCTS_DIR; };
		501A0FB72EBA7F7600AD6870 /* FootballUITests.xctest */ = {isa = PBXFileReference; explicitFileType = wrapper.cfbundle; includeInIndex = 0; path = FootballUITests.xctest; sourceTree = BUILT_PRODUCTS_DIR; };
/* End PBXFileReference section */

/* Begin PBXFileSystemSynchronizedRootGroup section */
		501A0F9F2EBA7F7100AD6870 /* Football */ = {
			isa = PBXFileSystemSynchronizedRootGroup;
			path = Football;
			sourceTree = "<group>";
		};
		501A0FB02EBA7F7600AD6870 /* FootballTests */ = {
			isa = PBXFileSystemSynchronizedRootGroup;
			path = FootballTests;
			sourceTree = "<group>";
		};
		501A0FBA2EBA7F7600AD6870 /* FootballUITests */ = {
			isa = PBXFileSystemSynchronizedRootGroup;
			path = FootballUITests;
			sourceTree = "<group>";
		};
/* End PBXFileSystemSynchronizedRootGroup section */

/* Begin PBXFrameworksBuildPhase section */
		501A0F9A2EBA7F7100AD6870 /* Frameworks */ = {
			isa = PBXFrameworksBuildPhase;
			buildActionMask = 2147483647;
			files = (
			);
			runOnlyForDeploymentPostprocessing = 0;
		};
		501A0FAA2EBA7F7600AD6870 /* Frameworks */ = {
			isa = PBXFrameworksBuildPhase;
			buildActionMask = 2147483647;
			files = (
			);
			runOnlyForDeploymentPostprocessing = 0;
		};
		501A0FB42EBA7F7600AD6870 /* Frameworks */ = {
			isa = PBXFrameworksBuildPhase;
			buildActionMask = 2147483647;
			files = (
			);
			runOnlyForDeploymentPostprocessing = 0;
		};
/* End PBXFrameworksBuildPhase section */

/* Begin PBXGroup section */
		501A0F942EBA7F7100AD6870 = {
			isa = PBXGroup;
			children = (
				501A0F9F2EBA7F7100AD6870 /* Football */,
				501A0FB02EBA7F7600AD6870 /* FootballTests */,
				501A0FBA2EBA7F7600AD6870 /* FootballUITests */,
				501A0F9E2EBA7F7100AD6870 /* Products */,
			);
			sourceTree = "<group>";
		};
		501A0F9E2EBA7F7100AD6870 /* Products */ = {
			isa = PBXGroup;
			children = (
				501A0F9D2EBA7F7100AD6870 /* Football.app */,
				501A0FAD2EBA7F7600AD6870 /* FootballTests.xctest */,
				501A0FB72EBA7F7600AD6870 /* FootballUITests.xctest */,
			);
			name = Products;
			sourceTree = "<group>";
		};
/* End PBXGroup section */

/* Begin PBXNativeTarget section */
		501A0F9C2EBA7F7100AD6870 /* Football */ = {
			isa = PBXNativeTarget;
			buildConfigurationList = 501A0FC12EBA7F7600AD6870 /* Build configuration list for PBXNativeTarget "Football" */;
			buildPhases = (
				501A0F992EBA7F7100AD6870 /* Sources */,
				501A0F9A2EBA7F7100AD6870 /* Frameworks */,
				501A0F9B2EBA7F7100AD6870 /* Resources */,
			);
			buildRules = (
			);
			dependencies = (
			);
			fileSystemSynchronizedGroups = (
				501A0F9F2EBA7F7100AD6870 /* Football */,
			);
			name = Football;
			packageProductDependencies = (
			);
			productName = Football;
			productReference = 501A0F9D2EBA7F7100AD6870 /* Football.app */;
			productType = "com.apple.product-type.application";
		};
		501A0FAC2EBA7F7600AD6870 /* FootballTests */ = {
			isa = PBXNativeTarget;
			buildConfigurationList = 501A0FC42EBA7F7600AD6870 /* Build configuration list for PBXNativeTarget "FootballTests" */;
			buildPhases = (
				501A0FA92EBA7F7600AD6870 /* Sources */,
				501A0FAA2EBA7F7600AD6870 /* Frameworks */,
				501A0FAB2EBA7F7600AD6870 /* Resources */,
			);
			buildRules = (
			);
			dependencies = (
				501A0FAF2EBA7F7600AD6870 /* PBXTargetDependency */,
			);
			fileSystemSynchronizedGroups = (
				501A0FB02EBA7F7600AD6870 /* FootballTests */,
			);
			name = FootballTests;
			packageProductDependencies = (
			);
			productName = FootballTests;
			productReference = 501A0FAD2EBA7F7600AD6870 /* FootballTests.xctest */;
			productType = "com.apple.product-type.bundle.unit-test";
		};
		501A0FB62EBA7F7600AD6870 /* FootballUITests */ = {
			isa = PBXNativeTarget;
			buildConfigurationList = 501A0FC72EBA7F7600AD6870 /* Build configuration list for PBXNativeTarget "FootballUITests" */;
			buildPhases = (
				501A0FB32EBA7F7600AD6870 /* Sources */,
				501A0FB42EBA7F7600AD6870 /* Frameworks */,
				501A0FB52EBA7F7600AD6870 /* Resources */,
			);
			buildRules = (
			);
			dependencies = (
				501A0FB92EBA7F7600AD6870 /* PBXTargetDependency */,
			);
			fileSystemSynchronizedGroups = (
				501A0FBA2EBA7F7600AD6870 /* FootballUITests */,
			);
			name = FootballUITests;
			packageProductDependencies = (
			);
			productName = FootballUITests;
			productReference = 501A0FB72EBA7F7600AD6870 /* FootballUITests.xctest */;
			productType = "com.apple.product-type.bundle.ui-testing";
		};
/* End PBXNativeTarget section */

/* Begin PBXProject section */
		501A0F952EBA7F7100AD6870 /* Project object */ = {
			isa = PBXProject;
			attributes = {
				BuildIndependentTargetsInParallel = 1;
				LastSwiftUpdateCheck = 1620;
				LastUpgradeCheck = 1620;
				TargetAttributes = {
					501A0F9C2EBA7F7100AD6870 = {
						CreatedOnToolsVersion = 16.2;
					};
					501A0FAC2EBA7F7600AD6870 = {
						CreatedOnToolsVersion = 16.2;
						TestTargetID = 501A0F9C2EBA7F7100AD6870;
					};
					501A0FB62EBA7F7600AD6870 = {
						CreatedOnToolsVersion = 16.2;
						TestTargetID = 501A0F9C2EBA7F7100AD6870;
					};
				};
			};
			buildConfigurationList = 501A0F982EBA7F7100AD6870 /* Build configuration list for PBXProject "Football" */;
			developmentRegion = en;
			hasScannedForEncodings = 0;
			knownRegions = (
				en,
				Base,
			);
			mainGroup = 501A0F942EBA7F7100AD6870;
			minimizedProjectReferenceProxies = 1;
			preferredProjectObjectVersion = 77;
			productRefGroup = 501A0F9E2EBA7F7100AD6870 /* Products */;
			projectDirPath = "";
			projectRoot = "";
			targets = (
				501A0F9C2EBA7F7100AD6870 /* Football */,
				501A0FAC2EBA7F7600AD6870 /* FootballTests */,
				501A0FB62EBA7F7600AD6870 /* FootballUITests */,
			);
		};
/* End PBXProject section */

/* Begin PBXResourcesBuildPhase section */
		501A0F9B2EBA7F7100AD6870 /* Resources */ = {
			isa = PBXResourcesBuildPhase;
			buildActionMask = 2147483647;
			files = (
			);
			runOnlyForDeploymentPostprocessing = 0;
		};
		501A0FAB2EBA7F7600AD6870 /* Resources */ = {
			isa = PBXResourcesBuildPhase;
			buildActionMask = 2147483647;
			files = (
			);
			runOnlyForDeploymentPostprocessing = 0;
		};
		501A0FB52EBA7F7600AD6870 /* Resources */ = {
			isa = PBXResourcesBuildPhase;
			buildActionMask = 2147483647;
			files = (
			);
			runOnlyForDeploymentPostprocessing = 0;
		};
/* End PBXResourcesBuildPhase section */

/* Begin PBXSourcesBuildPhase section */
		501A0F992EBA7F7100AD6870 /* Sources */ = {
			isa = PBXSourcesBuildPhase;
			buildActionMask = 2147483647;
			files = (
			);
			runOnlyForDeploymentPostprocessing = 0;
		};
		501A0FA92EBA7F7600AD6870 /* Sources */ = {
			isa = PBXSourcesBuildPhase;
			buildActionMask = 2147483647;
			files = (
			);
			runOnlyForDeploymentPostprocessing = 0;
		};
		501A0FB32EBA7F7600AD6870 /* Sources */ = {
			isa = PBXSourcesBuildPhase;
			buildActionMask = 2147483647;
			files = (
			);
			runOnlyForDeploymentPostprocessing = 0;
		};
/* End PBXSourcesBuildPhase section */

/* Begin PBXTargetDependency section */
		501A0FAF2EBA7F7600AD6870 /* PBXTargetDependency */ = {
			isa = PBXTargetDependency;
			target = 501A0F9C2EBA7F7100AD6870 /* Football */;
			targetProxy = 501A0FAE2EBA7F7600AD6870 /* PBXContainerItemProxy */;
		};
		501A0FB92EBA7F7600AD6870 /* PBXTargetDependency */ = {
			isa = PBXTargetDependency;
			target = 501A0F9C2EBA7F7100AD6870 /* Football */;
			targetProxy = 501A0FB82EBA7F7600AD6870 /* PBXContainerItemProxy */;
		};
/* End PBXTargetDependency section */

/* Begin XCBuildConfiguration section */
		501A0FBF2EBA7F7600AD6870 /* Debug */ = {
			isa = XCBuildConfiguration;
			buildSettings = {
				ALWAYS_SEARCH_USER_PATHS = NO;
				ASSETCATALOG_COMPILER_GENERATE_SWIFT_ASSET_SYMBOL_EXTENSIONS = YES;
				CLANG_ANALYZER_NONNULL = YES;
				CLANG_ANALYZER_NUMBER_OBJECT_CONVERSION = YES_AGGRESSIVE;
				CLANG_CXX_LANGUAGE_STANDARD = "gnu++20";
				CLANG_ENABLE_MODULES = YES;
				CLANG_ENABLE_OBJC_ARC = YES;
				CLANG_ENABLE_OBJC_WEAK = YES;
				CLANG_WARN_BLOCK_CAPTURE_AUTORELEASING = YES;
				CLANG_WARN_BOOL_CONVERSION = YES;
				CLANG_WARN_COMMA = YES;
				CLANG_WARN_CONSTANT_CONVERSION = YES;
				CLANG_WARN_DEPRECATED_OBJC_IMPLEMENTATIONS = YES;
				CLANG_WARN_DIRECT_OBJC_ISA_USAGE = YES_ERROR;
				CLANG_WARN_DOCUMENTATION_COMMENTS = YES;
				CLANG_WARN_EMPTY_BODY = YES;
				CLANG_WARN_ENUM_CONVERSION = YES;
				CLANG_WARN_INFINITE_RECURSION = YES;
				CLANG_WARN_INT_CONVERSION = YES;
				CLANG_WARN_NON_LITERAL_NULL_CONVERSION = YES;
				CLANG_WARN_OBJC_IMPLICIT_RETAIN_SELF = YES;
				CLANG_WARN_OBJC_LITERAL_CONVERSION = YES;
				CLANG_WARN_OBJC_ROOT_CLASS = YES_ERROR;
				CLANG_WARN_QUOTED_INCLUDE_IN_FRAMEWORK_HEADER = YES;
				CLANG_WARN_RANGE_LOOP_ANALYSIS = YES;
				CLANG_WARN_STRICT_PROTOTYPES = YES;
				CLANG_WARN_SUSPICIOUS_MOVE = YES;
				CLANG_WARN_UNGUARDED_AVAILABILITY = YES_AGGRESSIVE;
				CLANG_WARN_UNREACHABLE_CODE = YES;
				CLANG_WARN__DUPLICATE_METHOD_MATCH = YES;
				COPY_PHASE_STRIP = NO;
				DEBUG_INFORMATION_FORMAT = dwarf;
				ENABLE_STRICT_OBJC_MSGSEND = YES;
				ENABLE_TESTABILITY = YES;
				ENABLE_USER_SCRIPT_SANDBOXING = YES;
				GCC_C_LANGUAGE_STANDARD = gnu17;
				GCC_DYNAMIC_NO_PIC = NO;
				GCC_NO_COMMON_BLOCKS = YES;
				GCC_OPTIMIZATION_LEVEL = 0;
				GCC_PREPROCESSOR_DEFINITIONS = (
					"DEBUG=1",
					"$(inherited)",
				);
				GCC_WARN_64_TO_32_BIT_CONVERSION = YES;
				GCC_WARN_ABOUT_RETURN_TYPE = YES_ERROR;
				GCC_WARN_UNDECLARED_SELECTOR = YES;
				GCC_WARN_UNINITIALIZED_AUTOS = YES_AGGRESSIVE;
				GCC_WARN_UNUSED_FUNCTION = YES;
				GCC_WARN_UNUSED_VARIABLE = YES;
				IPHONEOS_DEPLOYMENT_TARGET = 18.2;
				LOCALIZATION_PREFERS_STRING_CATALOGS = YES;
				MTL_ENABLE_DEBUG_INFO = INCLUDE_SOURCE;
				MTL_FAST_MATH = YES;
				ONLY_ACTIVE_ARCH = YES;
				SDKROOT = iphoneos;
				SWIFT_ACTIVE_COMPILATION_CONDITIONS = "DEBUG $(inherited)";
				SWIFT_OPTIMIZATION_LEVEL = "-Onone";
			};
			name = Debug;
		};
		501A0FC02EBA7F7600AD6870 /* Release */ = {
			isa = XCBuildConfiguration;
			buildSettings = {
				ALWAYS_SEARCH_USER_PATHS = NO;
				ASSETCATALOG_COMPILER_GENERATE_SWIFT_ASSET_SYMBOL_EXTENSIONS = YES;
				CLANG_ANALYZER_NONNULL = YES;
				CLANG_ANALYZER_NUMBER_OBJECT_CONVERSION = YES_AGGRESSIVE;
				CLANG_CXX_LANGUAGE_STANDARD = "gnu++20";
				CLANG_ENABLE_MODULES = YES;
				CLANG_ENABLE_OBJC_ARC = YES;
				CLANG_ENABLE_OBJC_WEAK = YES;
				CLANG_WARN_BLOCK_CAPTURE_AUTORELEASING = YES;
				CLANG_WARN_BOOL_CONVERSION = YES;
				CLANG_WARN_COMMA = YES;
				CLANG_WARN_CONSTANT_CONVERSION = YES;
				CLANG_WARN_DEPRECATED_OBJC_IMPLEMENTATIONS = YES;
				CLANG_WARN_DIRECT_OBJC_ISA_USAGE = YES_ERROR;
				CLANG_WARN_DOCUMENTATION_COMMENTS = YES;
				CLANG_WARN_EMPTY_BODY = YES;
				CLANG_WARN_ENUM_CONVERSION = YES;
				CLANG_WARN_INFINITE_RECURSION = YES;
				CLANG_WARN_INT_CONVERSION = YES;
				CLANG_WARN_NON_LITERAL_NULL_CONVERSION = YES;
				CLANG_WARN_OBJC_IMPLICIT_RETAIN_SELF = YES;
				CLANG_WARN_OBJC_LITERAL_CONVERSION = YES;
				CLANG_WARN_OBJC_ROOT_CLASS = YES_ERROR;
				CLANG_WARN_QUOTED_INCLUDE_IN_FRAMEWORK_HEADER = YES;
				CLANG_WARN_RANGE_LOOP_ANALYSIS = YES;
				CLANG_WARN_STRICT_PROTOTYPES = YES;
				CLANG_WARN_SUSPICIOUS_MOVE = YES;
				CLANG_WARN_UNGUARDED_AVAILABILITY = YES_AGGRESSIVE;
				CLANG_WARN_UNREACHABLE_CODE = YES;
				CLANG_WARN__DUPLICATE_METHOD_MATCH = YES;
				COPY_PHASE_STRIP = NO;
				DEBUG_INFORMATION_FORMAT = "dwarf-with-dsym";
				ENABLE_NS_ASSERTIONS = NO;
				ENABLE_STRICT_OBJC_MSGSEND = YES;
				ENABLE_USER_SCRIPT_SANDBOXING = YES;
				GCC_C_LANGUAGE_STANDARD = gnu17;
				GCC_NO_COMMON_BLOCKS = YES;
				GCC_WARN_64_TO_32_BIT_CONVERSION = YES;
				GCC_WARN_ABOUT_RETURN_TYPE = YES_ERROR;
				GCC_WARN_UNDECLARED_SELECTOR = YES;
				GCC_WARN_UNINITIALIZED_AUTOS = YES_AGGRESSIVE;
				GCC_WARN_UNUSED_FUNCTION = YES;
				GCC_WARN_UNUSED_VARIABLE = YES;
				IPHONEOS_DEPLOYMENT_TARGET = 18.2;
				LOCALIZATION_PREFERS_STRING_CATALOGS = YES;
				MTL_ENABLE_DEBUG_INFO = NO;
				MTL_FAST_MATH = YES;
				SDKROOT = iphoneos;
				SWIFT_COMPILATION_MODE = wholemodule;
				VALIDATE_PRODUCT = YES;
			};
			name = Release;
		};
		501A0FC22EBA7F7600AD6870 /* Debug */ = {
			isa = XCBuildConfiguration;
			buildSettings = {
				ASSETCATALOG_COMPILER_APPICON_NAME = AppIcon;
				ASSETCATALOG_COMPILER_GLOBAL_ACCENT_COLOR_NAME = AccentColor;
				CODE_SIGN_STYLE = Automatic;
				CURRENT_PROJECT_VERSION = 1;
				DEVELOPMENT_ASSET_PATHS = "\"Football/Preview Content\"";
				ENABLE_PREVIEWS = YES;
				GENERATE_INFOPLIST_FILE = YES;
				INFOPLIST_KEY_UIApplicationSceneManifest_Generation = YES;
				INFOPLIST_KEY_UIApplicationSupportsIndirectInputEvents = YES;
				INFOPLIST_KEY_UILaunchScreen_Generation = YES;
				INFOPLIST_KEY_UISupportedInterfaceOrientations_iPad = "UIInterfaceOrientationPortrait UIInterfaceOrientationPortraitUpsideDown UIInterfaceOrientationLandscapeLeft UIInterfaceOrientationLandscapeRight";
				INFOPLIST_KEY_UISupportedInterfaceOrientations_iPhone = "UIInterfaceOrientationPortrait UIInterfaceOrientationLandscapeLeft UIInterfaceOrientationLandscapeRight";
				LD_RUNPATH_SEARCH_PATHS = (
					"$(inherited)",
					"@executable_path/Frameworks",
				);
				MARKETING_VERSION = 1.0;
				PRODUCT_BUNDLE_IDENTIFIER = com.Lopez.Football;
				PRODUCT_NAME = "$(TARGET_NAME)";
				SWIFT_EMIT_LOC_STRINGS = YES;
				SWIFT_VERSION = 5.0;
				TARGETED_DEVICE_FAMILY = "1,2";
			};
			name = Debug;
		};
		501A0FC32EBA7F7600AD6870 /* Release */ = {
			isa = XCBuildConfiguration;
			buildSettings = {
				ASSETCATALOG_COMPILER_APPICON_NAME = AppIcon;
				ASSETCATALOG_COMPILER_GLOBAL_ACCENT_COLOR_NAME = AccentColor;
				CODE_SIGN_STYLE = Automatic;
				CURRENT_PROJECT_VERSION = 1;
				DEVELOPMENT_ASSET_PATHS = "\"Football/Preview Content\"";
				ENABLE_PREVIEWS = YES;
				GENERATE_INFOPLIST_FILE = YES;
				INFOPLIST_KEY_UIApplicationSceneManifest_Generation = YES;
				INFOPLIST_KEY_UIApplicationSupportsIndirectInputEvents = YES;
				INFOPLIST_KEY_UILaunchScreen_Generation = YES;
				INFOPLIST_KEY_UISupportedInterfaceOrientations_iPad = "UIInterfaceOrientationPortrait UIInterfaceOrientationPortraitUpsideDown UIInterfaceOrientationLandscapeLeft UIInterfaceOrientationLandscapeRight";
				INFOPLIST_KEY_UISupportedInterfaceOrientations_iPhone = "UIInterfaceOrientationPortrait UIInterfaceOrientationLandscapeLeft UIInterfaceOrientationLandscapeRight";
				LD_RUNPATH_SEARCH_PATHS = (
					"$(inherited)",
					"@executable_path/Frameworks",
				);
				MARKETING_VERSION = 1.0;
				PRODUCT_BUNDLE_IDENTIFIER = com.Lopez.Football;
				PRODUCT_NAME = "$(TARGET_NAME)";
				SWIFT_EMIT_LOC_STRINGS = YES;
				SWIFT_VERSION = 5.0;
				TARGETED_DEVICE_FAMILY = "1,2";
			};
			name = Release;
		};
		501A0FC52EBA7F7600AD6870 /* Debug */ = {
			isa = XCBuildConfiguration;
			buildSettings = {
				BUNDLE_LOADER = "$(TEST_HOST)";
				CODE_SIGN_STYLE = Automatic;
				CURRENT_PROJECT_VERSION = 1;
				GENERATE_INFOPLIST_FILE = YES;
				IPHONEOS_DEPLOYMENT_TARGET = 18.2;
				MARKETING_VERSION = 1.0;
				PRODUCT_BUNDLE_IDENTIFIER = com.Lopez.FootballTests;
				PRODUCT_NAME = "$(TARGET_NAME)";
				SWIFT_EMIT_LOC_STRINGS = NO;
				SWIFT_VERSION = 5.0;
				TARGETED_DEVICE_FAMILY = "1,2";
				TEST_HOST = "$(BUILT_PRODUCTS_DIR)/Football.app/$(BUNDLE_EXECUTABLE_FOLDER_PATH)/Football";
			};
			name = Debug;
		};
		501A0FC62EBA7F7600AD6870 /* Release */ = {
			isa = XCBuildConfiguration;
			buildSettings = {
				BUNDLE_LOADER = "$(TEST_HOST)";
				CODE_SIGN_STYLE = Automatic;
				CURRENT_PROJECT_VERSION = 1;
				GENERATE_INFOPLIST_FILE = YES;
				IPHONEOS_DEPLOYMENT_TARGET = 18.2;
				MARKETING_VERSION = 1.0;
				PRODUCT_BUNDLE_IDENTIFIER = com.Lopez.FootballTests;
				PRODUCT_NAME = "$(TARGET_NAME)";
				SWIFT_EMIT_LOC_STRINGS = NO;
				SWIFT_VERSION = 5.0;
				TARGETED_DEVICE_FAMILY = "1,2";
				TEST_HOST = "$(BUILT_PRODUCTS_DIR)/Football.app/$(BUNDLE_EXECUTABLE_FOLDER_PATH)/Football";
			};
			name = Release;
		};
		501A0FC82EBA7F7600AD6870 /* Debug */ = {
			isa = XCBuildConfiguration;
			buildSettings = {
				CODE_SIGN_STYLE = Automatic;
				CURRENT_PROJECT_VERSION = 1;
				GENERATE_INFOPLIST_FILE = YES;
				MARKETING_VERSION = 1.0;
				PRODUCT_BUNDLE_IDENTIFIER = com.Lopez.FootballUITests;
				PRODUCT_NAME = "$(TARGET_NAME)";
				SWIFT_EMIT_LOC_STRINGS = NO;
				SWIFT_VERSION = 5.0;
				TARGETED_DEVICE_FAMILY = "1,2";
				TEST_TARGET_NAME = Football;
			};
			name = Debug;
		};
		501A0FC92EBA7F7600AD6870 /* Release */ = {
			isa = XCBuildConfiguration;
			buildSettings = {
				CODE_SIGN_STYLE = Automatic;
				CURRENT_PROJECT_VERSION = 1;
				GENERATE_INFOPLIST_FILE = YES;
				MARKETING_VERSION = 1.0;
				PRODUCT_BUNDLE_IDENTIFIER = com.Lopez.FootballUITests;
				PRODUCT_NAME = "$(TARGET_NAME)";
				SWIFT_EMIT_LOC_STRINGS = NO;
				SWIFT_VERSION = 5.0;
				TARGETED_DEVICE_FAMILY = "1,2";
				TEST_TARGET_NAME = Football;
			};
			name = Release;
		};
/* End XCBuildConfiguration section */

/* Begin XCConfigurationList section */
		501A0F982EBA7F7100AD6870 /* Build configuration list for PBXProject "Football" */ = {
			isa = XCConfigurationList;
			buildConfigurations = (
				501A0FBF2EBA7F7600AD6870 /* Debug */,
				501A0FC02EBA7F7600AD6870 /* Release */,
			);
			defaultConfigurationIsVisible = 0;
			defaultConfigurationName = Release;
		};
		501A0FC12EBA7F7600AD6870 /* Build configuration list for PBXNativeTarget "Football" */ = {
			isa = XCConfigurationList;
			buildConfigurations = (
				501A0FC22EBA7F7600AD6870 /* Debug */,
				501A0FC32EBA7F7600AD6870 /* Release */,
			);
			defaultConfigurationIsVisible = 0;
			defaultConfigurationName = Release;
		};
		501A0FC42EBA7F7600AD6870 /* Build configuration list for PBXNativeTarget "FootballTests" */ = {
			isa = XCConfigurationList;
			buildConfigurations = (
				501A0FC52EBA7F7600AD6870 /* Debug */,
				501A0FC62EBA7F7600AD6870 /* Release */,
			);
			defaultConfigurationIsVisible = 0;
			defaultConfigurationName = Release;
		};
		501A0FC72EBA7F7600AD6870 /* Build configuration list for PBXNativeTarget "FootballUITests" */ = {
			isa = XCConfigurationList;
			buildConfigurations = (
				501A0FC82EBA7F7600AD6870 /* Debug */,
				501A0FC92EBA7F7600AD6870 /* Release */,
			);
			defaultConfigurationIsVisible = 0;
			defaultConfigurationName = Release;
		};
/* End XCConfigurationList section */
	};
	rootObject = 501A0F952EBA7F7100AD6870 /* Project object */;
}
